# This is a Gradle generated file for dependency locking.
# Manual edits can break the build and are not advised.
# This file is expected to be part of source control.
# To regenerate this file, run: ./gradlew dependencies --write-locks
androidx.databinding:databinding-common:9.3.1=classpath
androidx.databinding:databinding-compiler-common:9.3.1=classpath
aopalliance:aopalliance:1.0=classpath
com.android.application:com.android.application.gradle.plugin:9.3.1=classpath
com.android.databinding:baseLibrary:9.3.1=classpath
com.android.kotlin.multiplatform.library:com.android.kotlin.multiplatform.library.gradle.plugin:9.3.1=classpath
com.android.tools.analytics-library:crash:32.3.1=classpath
com.android.tools.analytics-library:protos:32.3.1=classpath
com.android.tools.analytics-library:shared:32.3.1=classpath
com.android.tools.analytics-library:tracker:32.3.1=classpath
com.android.tools.build.jetifier:jetifier-core:1.0.0-beta10=classpath
com.android.tools.build.jetifier:jetifier-processor:1.0.0-beta10=classpath
com.android.tools.build:aapt2-proto:9.3.1-15703166=classpath
com.android.tools.build:aaptcompiler:9.3.1=classpath
com.android.tools.build:apksig:9.3.1=classpath
com.android.tools.build:apkzlib:9.3.1=classpath
com.android.tools.build:builder-model:9.3.1=classpath
com.android.tools.build:builder-test-api:9.3.1=classpath
com.android.tools.build:builder:9.3.1=classpath
com.android.tools.build:bundletool:1.18.3=classpath
com.android.tools.build:gradle-api:9.3.1=classpath
com.android.tools.build:gradle-common-api:9.3.1=classpath
com.android.tools.build:gradle-settings-api:9.3.1=classpath
com.android.tools.build:gradle:9.3.1=classpath
com.android.tools.build:manifest-merger:32.3.1=classpath
com.android.tools.ddms:ddmlib:32.3.1=classpath
com.android.tools.layoutlib:layoutlib-api:32.3.1=classpath
com.android.tools.lint:lint-model:32.3.1=classpath
com.android.tools.lint:lint-typedef-remover:32.3.1=classpath
com.android.tools.utp:gradle-work-action-api:32.3.1=classpath
com.android.tools:annotations:32.3.1=classpath
com.android.tools:common:32.3.1=classpath
com.android.tools:dvlib:32.3.1=classpath
com.android.tools:repository:32.3.1=classpath
com.android.tools:sdk-common:32.3.1=classpath
com.android.tools:sdklib:32.3.1=classpath
com.android:signflinger:9.3.1=classpath
com.android:zipflinger:9.3.1=classpath
com.ethlo.time:itu:1.14.0=classpath
com.fasterxml.jackson.core:jackson-annotations:2.21=classpath
com.fasterxml.jackson.core:jackson-core:2.21.5=classpath
com.fasterxml.jackson.core:jackson-databind:2.21.5=classpath
com.fasterxml.jackson.dataformat:jackson-dataformat-xml:2.21.5=classpath
com.fasterxml.jackson.dataformat:jackson-dataformat-yaml:2.21.5=classpath
com.fasterxml.jackson.module:jackson-module-kotlin:2.21.5=classpath
com.fasterxml.jackson:jackson-bom:2.21.5=classpath
com.fasterxml.woodstox:woodstox-core:7.1.1=classpath
com.github.package-url:packageurl-java:1.5.0=classpath
com.google.auto.value:auto-value-annotations:1.6.2=classpath
com.google.code.findbugs:jsr305:3.0.2=classpath
com.google.code.gson:gson:2.11.0=classpath
com.google.crypto.tink:tink:1.7.0=classpath
com.google.dagger:dagger:2.28.3=classpath
com.google.errorprone:error_prone_annotations:2.47.0=classpath
com.google.flatbuffers:flatbuffers-java:1.12.0=classpath
com.google.guava:failureaccess:1.0.3=classpath
com.google.guava:guava:33.6.0-jre=classpath
com.google.guava:listenablefuture:9999.0-empty-to-avoid-conflict-with-guava=classpath
com.google.inject:guice:5.1.0=classpath
com.google.j2objc:j2objc-annotations:3.1=classpath
com.google.jimfs:jimfs:1.1=classpath
com.google.protobuf:protobuf-java-util:3.25.5=classpath
com.google.protobuf:protobuf-java:3.25.5=classpath
com.googlecode.juniversalchardet:juniversalchardet:1.0.3=classpath
com.networknt:json-schema-validator:1.5.9=classpath
com.squareup:javapoet:1.13.0=classpath
com.squareup:javawriter:2.5.0=classpath
com.sun.istack:istack-commons-runtime:3.0.8=classpath
com.sun.xml.fastinfoset:FastInfoset:1.2.16=classpath
commons-codec:commons-codec:1.20.0=classpath
commons-io:commons-io:2.21.0=classpath
commons-logging:commons-logging:1.2=classpath
io.github.java-diff-utils:java-diff-utils:4.12=classpath
jakarta.activation:jakarta.activation-api:1.2.1=classpath
jakarta.xml.bind:jakarta.xml.bind-api:2.3.2=classpath
javax.inject:javax.inject:1=classpath
net.java.dev.jna:jna-platform:5.6.0=classpath
net.java.dev.jna:jna:5.6.0=classpath
net.sf.jopt-simple:jopt-simple:4.9=classpath
net.sf.kxml:kxml2:2.3.0=classpath
org.apache.commons:commons-collections4:4.5.0=classpath
org.apache.commons:commons-compress:1.27.1=classpath
org.apache.commons:commons-lang3:3.19.0=classpath
org.apache.httpcomponents:httpclient:4.5.14=classpath
org.apache.httpcomponents:httpcore:4.4.16=classpath
org.apache.httpcomponents:httpmime:4.5.6=classpath
org.apache.maven.resolver:maven-resolver-api:1.9.27=classpath
org.apache.maven.resolver:maven-resolver-impl:1.9.27=classpath
org.apache.maven.resolver:maven-resolver-named-locks:1.9.27=classpath
org.apache.maven.resolver:maven-resolver-spi:1.9.27=classpath
org.apache.maven.resolver:maven-resolver-util:1.9.27=classpath
org.apache.maven.shared:maven-shared-utils:3.4.2=classpath
org.apache.maven:maven-artifact:3.9.16=classpath
org.apache.maven:maven-builder-support:3.9.16=classpath
org.apache.maven:maven-core:3.9.16=classpath
org.apache.maven:maven-model-builder:3.9.16=classpath
org.apache.maven:maven-model:3.9.16=classpath
org.apache.maven:maven-plugin-api:3.9.16=classpath
org.apache.maven:maven-repository-metadata:3.9.16=classpath
org.apache.maven:maven-resolver-provider:3.9.16=classpath
org.apache.maven:maven-settings-builder:3.9.16=classpath
org.apache.maven:maven-settings:3.9.16=classpath
org.bitbucket.b_c:jose4j:0.9.6=classpath
org.bouncycastle:bcpkix-jdk18on:1.85=classpath
org.bouncycastle:bcprov-jdk18on:1.85=classpath
org.bouncycastle:bcutil-jdk18on:1.85=classpath
org.checkerframework:checker-qual:2.5.8=classpath
org.codehaus.plexus:plexus-cipher:2.0=classpath
org.codehaus.plexus:plexus-classworlds:2.11.0=classpath
org.codehaus.plexus:plexus-component-annotations:2.2.0=classpath
org.codehaus.plexus:plexus-interpolation:1.29=classpath
org.codehaus.plexus:plexus-sec-dispatcher:2.0=classpath
org.codehaus.plexus:plexus-utils:3.6.1=classpath
org.codehaus.woodstox:stax2-api:4.2.2=classpath
org.cyclonedx.bom:org.cyclonedx.bom.gradle.plugin:3.3.0=classpath
org.cyclonedx:cyclonedx-core-java:11.0.1=classpath
org.cyclonedx:cyclonedx-gradle-plugin:3.3.0=classpath
org.eclipse.sisu:org.eclipse.sisu.inject:1.0.0=classpath
org.eclipse.sisu:org.eclipse.sisu.plexus:1.0.0=classpath
org.glassfish.jaxb:jaxb-runtime:2.3.2=classpath
org.glassfish.jaxb:txw2:2.3.2=classpath
org.jdom:jdom2:2.0.6.1=classpath
org.jetbrains.compose.hot-reload:hot-reload-gradle-plugin:1.1.1=classpath
org.jetbrains.compose:compose-gradle-plugin:1.11.1=classpath
org.jetbrains.compose:org.jetbrains.compose.gradle.plugin:1.11.1=classpath
org.jetbrains.dokka:dokka-core:2.2.0=classpath
org.jetbrains.dokka:dokka-gradle-plugin:2.2.0=classpath
org.jetbrains.dokka:org.jetbrains.dokka.gradle.plugin:2.2.0=classpath
org.jetbrains.kotlin.jvm:org.jetbrains.kotlin.jvm.gradle.plugin:2.4.10=classpath
org.jetbrains.kotlin.multiplatform:org.jetbrains.kotlin.multiplatform.gradle.plugin:2.4.10=classpath
org.jetbrains.kotlin.plugin.compose:org.jetbrains.kotlin.plugin.compose.gradle.plugin:2.4.10=classpath
org.jetbrains.kotlin.plugin.serialization:org.jetbrains.kotlin.plugin.serialization.gradle.plugin:2.4.10=classpath
org.jetbrains.kotlin:compose-compiler-gradle-plugin:2.4.10=classpath
org.jetbrains.kotlin:fus-statistics-gradle-plugin:2.4.10=classpath
org.jetbrains.kotlin:kotlin-build-statistics:2.4.10=classpath
org.jetbrains.kotlin:kotlin-build-tools-api:2.4.10=classpath
org.jetbrains.kotlin:kotlin-compiler-runner:2.4.10=classpath
org.jetbrains.kotlin:kotlin-daemon-client:2.4.10=classpath
org.jetbrains.kotlin:kotlin-gradle-plugin-annotations:2.4.10=classpath
org.jetbrains.kotlin:kotlin-gradle-plugin-api:2.4.10=classpath
org.jetbrains.kotlin:kotlin-gradle-plugin-idea-proto:2.4.10=classpath
org.jetbrains.kotlin:kotlin-gradle-plugin-idea:2.4.10=classpath
org.jetbrains.kotlin:kotlin-gradle-plugin:2.4.10=classpath
org.jetbrains.kotlin:kotlin-gradle-plugins-bom:2.4.10=classpath
org.jetbrains.kotlin:kotlin-klib-commonizer-api:2.4.10=classpath
org.jetbrains.kotlin:kotlin-native-utils:2.4.10=classpath
org.jetbrains.kotlin:kotlin-reflect:2.4.0=classpath
org.jetbrains.kotlin:kotlin-serialization:2.4.10=classpath
org.jetbrains.kotlin:kotlin-stdlib-common:2.4.0=classpath
org.jetbrains.kotlin:kotlin-stdlib-jdk7:2.2.10=classpath
org.jetbrains.kotlin:kotlin-stdlib-jdk8:2.2.10=classpath
org.jetbrains.kotlin:kotlin-stdlib:2.4.0=classpath
org.jetbrains.kotlin:kotlin-tooling-core:2.4.10=classpath
org.jetbrains.kotlin:kotlin-util-io:2.4.10=classpath
org.jetbrains.kotlin:kotlin-util-klib-metadata:2.4.10=classpath
org.jetbrains.kotlin:kotlin-util-klib:2.4.10=classpath
org.jetbrains.kotlinx.binary-compatibility-validator:org.jetbrains.kotlinx.binary-compatibility-validator.gradle.plugin:0.18.1=classpath
org.jetbrains.kotlinx:binary-compatibility-validator:0.18.1=classpath
org.jetbrains.kotlinx:kotlinx-coroutines-bom:1.9.0=classpath
org.jetbrains.kotlinx:kotlinx-coroutines-core-jvm:1.9.0=classpath
org.jetbrains.kotlinx:kotlinx-coroutines-core:1.9.0=classpath
org.jetbrains.kotlinx:kotlinx-serialization-bom:1.6.0=classpath
org.jetbrains.kotlinx:kotlinx-serialization-core-jvm:1.6.0=classpath
org.jetbrains.kotlinx:kotlinx-serialization-core:1.6.0=classpath
org.jetbrains.kotlinx:kotlinx-serialization-json-jvm:1.6.0=classpath
org.jetbrains.kotlinx:kotlinx-serialization-json:1.6.0=classpath
org.jetbrains:annotations:13.0=classpath
org.jspecify:jspecify:1.0.0=classpath
org.jvnet.staxex:stax-ex:1.8.1=classpath
org.ow2.asm:asm-analysis:9.9=classpath
org.ow2.asm:asm-commons:9.9=classpath
org.ow2.asm:asm-tree:9.9=classpath
org.ow2.asm:asm-util:9.9=classpath
org.ow2.asm:asm:9.9.1=classpath
org.slf4j:slf4j-api:2.0.17=classpath
org.tensorflow:tensorflow-lite-metadata:0.2.0=classpath
org.yaml:snakeyaml:2.5=classpath
empty=
